
Microsoft Visual Studio Solution File, Format Version 12.00
# Visual Studio Version 16
VisualStudioVersion = 16.0.30804.86
MinimumVisualStudioVersion = 10.0.40219.1
Project("{FAE04EC0-301F-11D3-BF4B-00C04F79EFBC}") = "Baraka", "Baraka\Baraka.csproj", "{A7083535-EF74-4E82-9E65-B55E0E0BC28F}"
EndProject
Global
	GlobalSection(SolutionConfigurationPlatforms) = preSolution
		Debug|Any CPU = Debug|Any CPU
		Release|Any CPU = Release|Any CPU
	EndGlobalSection
	GlobalSection(ProjectConfigurationPlatforms) = postSolution
		{A7083535-EF74-4E82-9E65-B55E0E0BC28F}.Debug|Any CPU.ActiveCfg = Debug|Any CPU
		{A7083535-EF74-4E82-9E65-B55E0E0BC28F}.Debug|Any CPU.Build.0 = Debug|Any CPU
		{A7083535-EF74-4E82-9E65-B55E0E0BC28F}.Release|Any CPU.ActiveCfg = Release|Any CPU
		{A7083535-EF74-4E82-9E65-B55E0E0BC28F}.Release|Any CPU.Build.0 = Release|Any CPU
	EndGlobalSection
	GlobalSection(SolutionProperties) = preSolution
		HideSolutionNode = FALSE
	EndGlobalSection
	GlobalSection(ExtensibilityGlobals) = postSolution
		SolutionGuid = {27FCE79D-17AE-4484-B523-09E8897ABAB6}
	EndGlobalSection
EndGlobal
